
Microsoft Visual Studio Solution File, Format Version 12.00
# Visual Studio 2013
VisualStudioVersion = 12.0.31101.0
MinimumVisualStudioVersion = 10.0.40219.1
Project("{FAE04EC0-301F-11D3-BF4B-00C04F79EFBC}") = "Independent Study", "Independent Study\Independent Study.csproj", "{8602B2E9-932C-4BC5-945E-BA28B08B380E}"
EndProject
Project("{FAE04EC0-301F-11D3-BF4B-00C04F79EFBC}") = "Independent Study.Tests", "Independent Study.Tests\Independent Study.Tests.csproj", "{A0B74AD5-F6C5-4039-B05B-CA17A039DCD9}"
EndProject
Global
	GlobalSection(SolutionConfigurationPlatforms) = preSolution
		Debug|Any CPU = Debug|Any CPU
		Release|Any CPU = Release|Any CPU
	EndGlobalSection
	GlobalSection(ProjectConfigurationPlatforms) = postSolution
		{8602B2E9-932C-4BC5-945E-BA28B08B380E}.Debug|Any CPU.ActiveCfg = Debug|Any CPU
		{8602B2E9-932C-4BC5-945E-BA28B08B380E}.Debug|Any CPU.Build.0 = Debug|Any CPU
		{8602B2E9-932C-4BC5-945E-BA28B08B380E}.Release|Any CPU.ActiveCfg = Release|Any CPU
		{8602B2E9-932C-4BC5-945E-BA28B08B380E}.Release|Any CPU.Build.0 = Release|Any CPU
		{A0B74AD5-F6C5-4039-B05B-CA17A039DCD9}.Debug|Any CPU.ActiveCfg = Debug|Any CPU
		{A0B74AD5-F6C5-4039-B05B-CA17A039DCD9}.Debug|Any CPU.Build.0 = Debug|Any CPU
		{A0B74AD5-F6C5-4039-B05B-CA17A039DCD9}.Release|Any CPU.ActiveCfg = Release|Any CPU
		{A0B74AD5-F6C5-4039-B05B-CA17A039DCD9}.Release|Any CPU.Build.0 = Release|Any CPU
	EndGlobalSection
	GlobalSection(SolutionProperties) = preSolution
		HideSolutionNode = FALSE
	EndGlobalSection
EndGlobal
